
Microsoft Visual Studio Solution File, Format Version 12.00
# Visual Studio Version 16
VisualStudioVersion = 16.0.30114.105
MinimumVisualStudioVersion = 10.0.40219.1
Project("{FAE04EC0-301F-11D3-BF4B-00C04F79EFBC}") = "GildedRose.Console", "GildedRose.Console\GildedRose.Console.csproj", "{3B14CB75-40E2-411F-B1BE-29330C562A8A}"
EndProject
Project("{FAE04EC0-301F-11D3-BF4B-00C04F79EFBC}") = "GildedRose.Tests", "GildedRose.Tests\GildedRose.Tests.csproj", "{9920A3CE-48AC-4CAB-B167-7956F7F86252}"
EndProject
Global
	GlobalSection(SolutionConfigurationPlatforms) = preSolution
		Debug|Any CPU = Debug|Any CPU
		Debug|x64 = Debug|x64
		Debug|x86 = Debug|x86
		Release|Any CPU = Release|Any CPU
		Release|x64 = Release|x64
		Release|x86 = Release|x86
	EndGlobalSection
	GlobalSection(SolutionProperties) = preSolution
		HideSolutionNode = FALSE
	EndGlobalSection
	GlobalSection(ProjectConfigurationPlatforms) = postSolution
		{3B14CB75-40E2-411F-B1BE-29330C562A8A}.Debug|Any CPU.ActiveCfg = Debug|Any CPU
		{3B14CB75-40E2-411F-B1BE-29330C562A8A}.Debug|Any CPU.Build.0 = Debug|Any CPU
		{3B14CB75-40E2-411F-B1BE-29330C562A8A}.Debug|x64.ActiveCfg = Debug|Any CPU
		{3B14CB75-40E2-411F-B1BE-29330C562A8A}.Debug|x64.Build.0 = Debug|Any CPU
		{3B14CB75-40E2-411F-B1BE-29330C562A8A}.Debug|x86.ActiveCfg = Debug|Any CPU
		{3B14CB75-40E2-411F-B1BE-29330C562A8A}.Debug|x86.Build.0 = Debug|Any CPU
		{3B14CB75-40E2-411F-B1BE-29330C562A8A}.Release|Any CPU.ActiveCfg = Release|Any CPU
		{3B14CB75-40E2-411F-B1BE-29330C562A8A}.Release|Any CPU.Build.0 = Release|Any CPU
		{3B14CB75-40E2-411F-B1BE-29330C562A8A}.Release|x64.ActiveCfg = Release|Any CPU
		{3B14CB75-40E2-411F-B1BE-29330C562A8A}.Release|x64.Build.0 = Release|Any CPU
		{3B14CB75-40E2-411F-B1BE-29330C562A8A}.Release|x86.ActiveCfg = Release|Any CPU
		{3B14CB75-40E2-411F-B1BE-29330C562A8A}.Release|x86.Build.0 = Release|Any CPU
		{9920A3CE-48AC-4CAB-B167-7956F7F86252}.Debug|Any CPU.ActiveCfg = Debug|Any CPU
		{9920A3CE-48AC-4CAB-B167-7956F7F86252}.Debug|Any CPU.Build.0 = Debug|Any CPU
		{9920A3CE-48AC-4CAB-B167-7956F7F86252}.Debug|x64.ActiveCfg = Debug|Any CPU
		{9920A3CE-48AC-4CAB-B167-7956F7F86252}.Debug|x64.Build.0 = Debug|Any CPU
		{9920A3CE-48AC-4CAB-B167-7956F7F86252}.Debug|x86.ActiveCfg = Debug|Any CPU
		{9920A3CE-48AC-4CAB-B167-7956F7F86252}.Debug|x86.Build.0 = Debug|Any CPU
		{9920A3CE-48AC-4CAB-B167-7956F7F86252}.Release|Any CPU.ActiveCfg = Release|Any CPU
		{9920A3CE-48AC-4CAB-B167-7956F7F86252}.Release|Any CPU.Build.0 = Release|Any CPU
		{9920A3CE-48AC-4CAB-B167-7956F7F86252}.Release|x64.ActiveCfg = Release|Any CPU
		{9920A3CE-48AC-4CAB-B167-7956F7F86252}.Release|x64.Build.0 = Release|Any CPU
		{9920A3CE-48AC-4CAB-B167-7956F7F86252}.Release|x86.ActiveCfg = Release|Any CPU
		{9920A3CE-48AC-4CAB-B167-7956F7F86252}.Release|x86.Build.0 = Release|Any CPU
	EndGlobalSection
EndGlobal
